
Microsoft Visual Studio Solution File, Format Version 12.00
# Visual Studio Version 17
VisualStudioVersion = 17.13.35931.197 d17.13
MinimumVisualStudioVersion = 10.0.40219.1
Project("{FAE04EC0-301F-11D3-BF4B-00C04F79EFBC}") = "ASPNET.HandOns", "ASPNET.HandOns\ASPNET.HandOns.csproj", "{EDC03752-8A04-4C28-B4A0-ECE4930C091E}"
EndProject
Global
	GlobalSection(SolutionConfigurationPlatforms) = preSolution
		Debug|Any CPU = Debug|Any CPU
		Release|Any CPU = Release|Any CPU
	EndGlobalSection
	GlobalSection(ProjectConfigurationPlatforms) = postSolution
		{EDC03752-8A04-4C28-B4A0-ECE4930C091E}.Debug|Any CPU.ActiveCfg = Debug|Any CPU
		{EDC03752-8A04-4C28-B4A0-ECE4930C091E}.Debug|Any CPU.Build.0 = Debug|Any CPU
		{EDC03752-8A04-4C28-B4A0-ECE4930C091E}.Release|Any CPU.ActiveCfg = Release|Any CPU
		{EDC03752-8A04-4C28-B4A0-ECE4930C091E}.Release|Any CPU.Build.0 = Release|Any CPU
	EndGlobalSection
	GlobalSection(SolutionProperties) = preSolution
		HideSolutionNode = FALSE
	EndGlobalSection
	GlobalSection(ExtensibilityGlobals) = postSolution
		SolutionGuid = {4B0D11FA-9C59-4E00-954A-6D9100758366}
	EndGlobalSection
EndGlobal
